
Microsoft Visual Studio Solution File, Format Version 11.00
# Visual Studio 2010
Project("{FAE04EC0-301F-11D3-BF4B-00C04F79EFBC}") = "AspNetClientBlocker", "AspNetClientBlocker\AspNetClientBlocker.csproj", "{D1BCE663-9A10-4065-819A-3EFFEA5AC12F}"
EndProject
Project("{FAE04EC0-301F-11D3-BF4B-00C04F79EFBC}") = "AspNetClientBlocker.Test", "AspNetClientBlocker.Test\AspNetClientBlocker.Test.csproj", "{965F9807-6FF3-42D9-B802-1BBEB2B0F307}"
EndProject
Global
	GlobalSection(SolutionConfigurationPlatforms) = preSolution
		Debug|Any CPU = Debug|Any CPU
		Release|Any CPU = Release|Any CPU
	EndGlobalSection
	GlobalSection(ProjectConfigurationPlatforms) = postSolution
		{D1BCE663-9A10-4065-819A-3EFFEA5AC12F}.Debug|Any CPU.ActiveCfg = Debug|Any CPU
		{D1BCE663-9A10-4065-819A-3EFFEA5AC12F}.Debug|Any CPU.Build.0 = Debug|Any CPU
		{D1BCE663-9A10-4065-819A-3EFFEA5AC12F}.Release|Any CPU.ActiveCfg = Release|Any CPU
		{D1BCE663-9A10-4065-819A-3EFFEA5AC12F}.Release|Any CPU.Build.0 = Release|Any CPU
		{965F9807-6FF3-42D9-B802-1BBEB2B0F307}.Debug|Any CPU.ActiveCfg = Debug|Any CPU
		{965F9807-6FF3-42D9-B802-1BBEB2B0F307}.Debug|Any CPU.Build.0 = Debug|Any CPU
		{965F9807-6FF3-42D9-B802-1BBEB2B0F307}.Release|Any CPU.ActiveCfg = Release|Any CPU
		{965F9807-6FF3-42D9-B802-1BBEB2B0F307}.Release|Any CPU.Build.0 = Release|Any CPU
	EndGlobalSection
	GlobalSection(SolutionProperties) = preSolution
		HideSolutionNode = FALSE
	EndGlobalSection
EndGlobal
